
Microsoft Visual Studio Solution File, Format Version 12.00
# Visual Studio Version 16
VisualStudioVersion = 16.0.29920.165
MinimumVisualStudioVersion = 10.0.40219.1
Project("{9A19103F-16F7-4668-BE54-9A1E7A4F7556}") = "PRINCESS", "PRINCESS.csproj", "{2D798945-12F5-4B0C-8121-3F0E6F567BB8}"
EndProject
Project("{FAE04EC0-301F-11D3-BF4B-00C04F79EFBC}") = "PRINCESSTests", "..\PRINCESSTests\PRINCESSTests.csproj", "{D294663D-18C3-4779-8913-83A9480E609E}"
EndProject
Global
	GlobalSection(SolutionConfigurationPlatforms) = preSolution
		Debug|Any CPU = Debug|Any CPU
		Release|Any CPU = Release|Any CPU
	EndGlobalSection
	GlobalSection(ProjectConfigurationPlatforms) = postSolution
		{2D798945-12F5-4B0C-8121-3F0E6F567BB8}.Debug|Any CPU.ActiveCfg = Debug|Any CPU
		{2D798945-12F5-4B0C-8121-3F0E6F567BB8}.Debug|Any CPU.Build.0 = Debug|Any CPU
		{2D798945-12F5-4B0C-8121-3F0E6F567BB8}.Release|Any CPU.ActiveCfg = Release|Any CPU
		{2D798945-12F5-4B0C-8121-3F0E6F567BB8}.Release|Any CPU.Build.0 = Release|Any CPU
		{D294663D-18C3-4779-8913-83A9480E609E}.Debug|Any CPU.ActiveCfg = Debug|Any CPU
		{D294663D-18C3-4779-8913-83A9480E609E}.Debug|Any CPU.Build.0 = Debug|Any CPU
		{D294663D-18C3-4779-8913-83A9480E609E}.Release|Any CPU.ActiveCfg = Release|Any CPU
		{D294663D-18C3-4779-8913-83A9480E609E}.Release|Any CPU.Build.0 = Release|Any CPU
	EndGlobalSection
	GlobalSection(SolutionProperties) = preSolution
		HideSolutionNode = FALSE
	EndGlobalSection
	GlobalSection(ExtensibilityGlobals) = postSolution
		SolutionGuid = {1D46E7F3-ECB7-4411-9122-1C69573AC109}
	EndGlobalSection
EndGlobal
